// !$*UTF8*$!
{
	archiveVersion = 1;
	classes = {
	};
	objectVersion = 77;
	objects = {

/* Begin PBXBuildFile section */
		1E5162652F04B03F005A249A /* UnoArchitecture in Frameworks */ = {isa = PBXBuildFile; productRef = 1E5162642F04B03F005A249A /* UnoArchitecture */; };
/* End PBXBuildFile section */

/* Begin PBXContainerItemProxy section */
		1E51621A2F04AFA4005A249A /* PBXContainerItemProxy */ = {
			isa = PBXContainerItemProxy;
			containerPortal = 1E5162002F04AFA3005A249A /* Project object */;
			proxyType = 1;
			remoteGlobalIDString = 1E5162072F04AFA3005A249A;
			remoteInfo = UnoHealthKit;
		};
		1E5162242F04AFA4005A249A /* PBXContainerItemProxy */ = {
			isa = PBXContainerItemProxy;
			containerPortal = 1E5162002F04AFA3005A249A /* Project object */;
			proxyType = 1;
			remoteGlobalIDString = 1E5162072F04AFA3005A249A;
			remoteInfo = UnoHealthKit;
		};
/* End PBXContainerItemProxy section */

/* Begin PBXFileReference section */
		1E5162082F04AFA3005A249A /* UnoHealthKit.app */ = {isa = PBXFileReference; explicitFileType = wrapper.application; includeInIndex = 0; path = UnoHealthKit.app; sourceTree = BUILT_PRODUCTS_DIR; };
		1E5162192F04AFA4005A249A /* UnoHealthKitTests.xctest */ = {isa = PBXFileReference; explicitFileType = wrapper.cfbundle; includeInIndex = 0; path = UnoHealthKitTests.xctest; sourceTree = BUILT_PRODUCTS_DIR; };
		1E5162232F04AFA4005A249A /* UnoHealthKitUITests.xctest */ = {isa = PBXFileReference; explicitFileType = wrapper.cfbundle; includeInIndex = 0; path = UnoHealthKitUITests.xctest; sourceTree = BUILT_PRODUCTS_DIR; };
/* End PBXFileReference section */

/* Begin PBXFileSystemSynchronizedBuildFileExceptionSet section */
		1E51620B2F04AFA3005A249A /* Exceptions for "UnoHealthKit" folder in "UnoHealthKit" target */ = {
			isa = PBXFileSystemSynchronizedBuildFileExceptionSet;
			membershipExceptions = (
				Info.plist,
			);
			target = 1E5162072F04AFA3005A249A /* UnoHealthKit */;
		};
/* End PBXFileSystemSynchronizedBuildFileExceptionSet section */

/* Begin PBXFileSystemSynchronizedRootGroup section */
		1E51620A2F04AFA3005A249A /* UnoHealthKit */ = {
			isa = PBXFileSystemSynchronizedRootGroup;
			exceptions = (
				1E51620B2F04AFA3005A249A /* Exceptions for "UnoHealthKit" folder in "UnoHealthKit" target */,
			);
			path = UnoHealthKit;
			sourceTree = "<group>";
		};
		1E51621C2F04AFA4005A249A /* UnoHealthKitTests */ = {
			isa = PBXFileSystemSynchronizedRootGroup;
			path = UnoHealthKitTests;
			sourceTree = "<group>";
		};
		1E5162262F04AFA4005A249A /* UnoHealthKitUITests */ = {
			isa = PBXFileSystemSynchronizedRootGroup;
			path = UnoHealthKitUITests;
			sourceTree = "<group>";
		};
/* End PBXFileSystemSynchronizedRootGroup section */

/* Begin PBXFrameworksBuildPhase section */
		1E5162052F04AFA3005A249A /* Frameworks */ = {
			isa = PBXFrameworksBuildPhase;
			buildActionMask = 2147483647;
			files = (
				1E5162652F04B03F005A249A /* UnoArchitecture in Frameworks */,
			);
			runOnlyForDeploymentPostprocessing = 0;
		};
		1E5162162F04AFA4005A249A /* Frameworks */ = {
			isa = PBXFrameworksBuildPhase;
			buildActionMask = 2147483647;
			files = (
			);
			runOnlyForDeploymentPostprocessing = 0;
		};
		1E5162202F04AFA4005A249A /* Frameworks */ = {
			isa = PBXFrameworksBuildPhase;
			buildActionMask = 2147483647;
			files = (
			);
			runOnlyForDeploymentPostprocessing = 0;
		};
/* End PBXFrameworksBuildPhase section */

/* Begin PBXGroup section */
		1E5161FF2F04AFA3005A249A = {
			isa = PBXGroup;
			children = (
				1E51620A2F04AFA3005A249A /* UnoHealthKit */,
				1E51621C2F04AFA4005A249A /* UnoHealthKitTests */,
				1E5162262F04AFA4005A249A /* UnoHealthKitUITests */,
				1E5162092F04AFA3005A249A /* Products */,
			);
			sourceTree = "<group>";
		};
		1E5162092F04AFA3005A249A /* Products */ = {
			isa = PBXGroup;
			children = (
				1E5162082F04AFA3005A249A /* UnoHealthKit.app */,
				1E5162192F04AFA4005A249A /* UnoHealthKitTests.xctest */,
				1E5162232F04AFA4005A249A /* UnoHealthKitUITests.xctest */,
			);
			name = Products;
			sourceTree = "<group>";
		};
/* End PBXGroup section */

/* Begin PBXNativeTarget section */
		1E5162072F04AFA3005A249A /* UnoHealthKit */ = {
			isa = PBXNativeTarget;
			buildConfigurationList = 1E51622D2F04AFA4005A249A /* Build configuration list for PBXNativeTarget "UnoHealthKit" */;
			buildPhases = (
				1E5162042F04AFA3005A249A /* Sources */,
				1E5162052F04AFA3005A249A /* Frameworks */,
				1E5162062F04AFA3005A249A /* Resources */,
			);
			buildRules = (
			);
			dependencies = (
			);
			fileSystemSynchronizedGroups = (
				1E51620A2F04AFA3005A249A /* UnoHealthKit */,
			);
			name = UnoHealthKit;
			packageProductDependencies = (
				1E5162642F04B03F005A249A /* UnoArchitecture */,
			);
			productName = UnoHealthKit;
			productReference = 1E5162082F04AFA3005A249A /* UnoHealthKit.app */;
			productType = "com.apple.product-type.application";
		};
		1E5162182F04AFA4005A249A /* UnoHealthKitTests */ = {
			isa = PBXNativeTarget;
			buildConfigurationList = 1E5162302F04AFA4005A249A /* Build configuration list for PBXNativeTarget "UnoHealthKitTests" */;
			buildPhases = (
				1E5162152F04AFA4005A249A /* Sources */,
				1E5162162F04AFA4005A249A /* Frameworks */,
				1E5162172F04AFA4005A249A /* Resources */,
			);
			buildRules = (
			);
			dependencies = (
				1E51621B2F04AFA4005A249A /* PBXTargetDependency */,
			);
			fileSystemSynchronizedGroups = (
				1E51621C2F04AFA4005A249A /* UnoHealthKitTests */,
			);
			name = UnoHealthKitTests;
			packageProductDependencies = (
			);
			productName = UnoHealthKitTests;
			productReference = 1E5162192F04AFA4005A249A /* UnoHealthKitTests.xctest */;
			productType = "com.apple.product-type.bundle.unit-test";
		};
		1E5162222F04AFA4005A249A /* UnoHealthKitUITests */ = {
			isa = PBXNativeTarget;
			buildConfigurationList = 1E5162332F04AFA4005A249A /* Build configuration list for PBXNativeTarget "UnoHealthKitUITests" */;
			buildPhases = (
				1E51621F2F04AFA4005A249A /* Sources */,
				1E5162202F04AFA4005A249A /* Frameworks */,
				1E5162212F04AFA4005A249A /* Resources */,
			);
			buildRules = (
			);
			dependencies = (
				1E5162252F04AFA4005A249A /* PBXTargetDependency */,
			);
			fileSystemSynchronizedGroups = (
				1E5162262F04AFA4005A249A /* UnoHealthKitUITests */,
			);
			name = UnoHealthKitUITests;
			packageProductDependencies = (
			);
			productName = UnoHealthKitUITests;
			productReference = 1E5162232F04AFA4005A249A /* UnoHealthKitUITests.xctest */;
			productType = "com.apple.product-type.bundle.ui-testing";
		};
/* End PBXNativeTarget section */

/* Begin PBXProject section */
		1E5162002F04AFA3005A249A /* Project object */ = {
			isa = PBXProject;
			attributes = {
				BuildIndependentTargetsInParallel = 1;
				LastSwiftUpdateCheck = 1620;
				LastUpgradeCheck = 1620;
				TargetAttributes = {
					1E5162072F04AFA3005A249A = {
						CreatedOnToolsVersion = 16.2;
					};
					1E5162182F04AFA4005A249A = {
						CreatedOnToolsVersion = 16.2;
						TestTargetID = 1E5162072F04AFA3005A249A;
					};
					1E5162222F04AFA4005A249A = {
						CreatedOnToolsVersion = 16.2;
						TestTargetID = 1E5162072F04AFA3005A249A;
					};
				};
			};
			buildConfigurationList = 1E5162032F04AFA3005A249A /* Build configuration list for PBXProject "UnoHealthKit" */;
			developmentRegion = en;
			hasScannedForEncodings = 0;
			knownRegions = (
				en,
				Base,
			);
			mainGroup = 1E5161FF2F04AFA3005A249A;
			minimizedProjectReferenceProxies = 1;
			packageReferences = (
				1E5162632F04B03F005A249A /* XCLocalSwiftPackageReference "../../../swift-uno-architecture" */,
			);
			preferredProjectObjectVersion = 77;
			productRefGroup = 1E5162092F04AFA3005A249A /* Products */;
			projectDirPath = "";
			projectRoot = "";
			targets = (
				1E5162072F04AFA3005A249A /* UnoHealthKit */,
				1E5162182F04AFA4005A249A /* UnoHealthKitTests */,
				1E5162222F04AFA4005A249A /* UnoHealthKitUITests */,
			);
		};
/* End PBXProject section */

/* Begin PBXResourcesBuildPhase section */
		1E5162062F04AFA3005A249A /* Resources */ = {
			isa = PBXResourcesBuildPhase;
			buildActionMask = 2147483647;
			files = (
			);
			runOnlyForDeploymentPostprocessing = 0;
		};
		1E5162172F04AFA4005A249A /* Resources */ = {
			isa = PBXResourcesBuildPhase;
			buildActionMask = 2147483647;
			files = (
			);
			runOnlyForDeploymentPostprocessing = 0;
		};
		1E5162212F04AFA4005A249A /* Resources */ = {
			isa = PBXResourcesBuildPhase;
			buildActionMask = 2147483647;
			files = (
			);
			runOnlyForDeploymentPostprocessing = 0;
		};
/* End PBXResourcesBuildPhase section */

/* Begin PBXSourcesBuildPhase section */
		1E5162042F04AFA3005A249A /* Sources */ = {
			isa = PBXSourcesBuildPhase;
			buildActionMask = 2147483647;
			files = (
			);
			runOnlyForDeploymentPostprocessing = 0;
		};
		1E5162152F04AFA4005A249A /* Sources */ = {
			isa = PBXSourcesBuildPhase;
			buildActionMask = 2147483647;
			files = (
			);
			runOnlyForDeploymentPostprocessing = 0;
		};
		1E51621F2F04AFA4005A249A /* Sources */ = {
			isa = PBXSourcesBuildPhase;
			buildActionMask = 2147483647;
			files = (
			);
			runOnlyForDeploymentPostprocessing = 0;
		};
/* End PBXSourcesBuildPhase section */

/* Begin PBXTargetDependency section */
		1E51621B2F04AFA4005A249A /* PBXTargetDependency */ = {
			isa = PBXTargetDependency;
			target = 1E5162072F04AFA3005A249A /* UnoHealthKit */;
			targetProxy = 1E51621A2F04AFA4005A249A /* PBXContainerItemProxy */;
		};
		1E5162252F04AFA4005A249A /* PBXTargetDependency */ = {
			isa = PBXTargetDependency;
			target = 1E5162072F04AFA3005A249A /* UnoHealthKit */;
			targetProxy = 1E5162242F04AFA4005A249A /* PBXContainerItemProxy */;
		};
/* End PBXTargetDependency section */

/* Begin XCBuildConfiguration section */
		1E51622B2F04AFA4005A249A /* Debug */ = {
			isa = XCBuildConfiguration;
			buildSettings = {
				ALWAYS_SEARCH_USER_PATHS = NO;
				ASSETCATALOG_COMPILER_GENERATE_SWIFT_ASSET_SYMBOL_EXTENSIONS = YES;
				CLANG_ANALYZER_NONNULL = YES;
				CLANG_ANALYZER_NUMBER_OBJECT_CONVERSION = YES_AGGRESSIVE;
				CLANG_CXX_LANGUAGE_STANDARD = "gnu++20";
				CLANG_ENABLE_MODULES = YES;
				CLANG_ENABLE_OBJC_ARC = YES;
				CLANG_ENABLE_OBJC_WEAK = YES;
				CLANG_WARN_BLOCK_CAPTURE_AUTORELEASING = YES;
				CLANG_WARN_BOOL_CONVERSION = YES;
				CLANG_WARN_COMMA = YES;
				CLANG_WARN_CONSTANT_CONVERSION = YES;
				CLANG_WARN_DEPRECATED_OBJC_IMPLEMENTATIONS = YES;
				CLANG_WARN_DIRECT_OBJC_ISA_USAGE = YES_ERROR;
				CLANG_WARN_DOCUMENTATION_COMMENTS = YES;
				CLANG_WARN_EMPTY_BODY = YES;
				CLANG_WARN_ENUM_CONVERSION = YES;
				CLANG_WARN_INFINITE_RECURSION = YES;
				CLANG_WARN_INT_CONVERSION = YES;
				CLANG_WARN_NON_LITERAL_NULL_CONVERSION = YES;
				CLANG_WARN_OBJC_IMPLICIT_RETAIN_SELF = YES;
				CLANG_WARN_OBJC_LITERAL_CONVERSION = YES;
				CLANG_WARN_OBJC_ROOT_CLASS = YES_ERROR;
				CLANG_WARN_QUOTED_INCLUDE_IN_FRAMEWORK_HEADER = YES;
				CLANG_WARN_RANGE_LOOP_ANALYSIS = YES;
				CLANG_WARN_STRICT_PROTOTYPES = YES;
				CLANG_WARN_SUSPICIOUS_MOVE = YES;
				CLANG_WARN_UNGUARDED_AVAILABILITY = YES_AGGRESSIVE;
				CLANG_WARN_UNREACHABLE_CODE = YES;
				CLANG_WARN__DUPLICATE_METHOD_MATCH = YES;
				COPY_PHASE_STRIP = NO;
				DEBUG_INFORMATION_FORMAT = dwarf;
				ENABLE_STRICT_OBJC_MSGSEND = YES;
				ENABLE_TESTABILITY = YES;
				ENABLE_USER_SCRIPT_SANDBOXING = YES;
				GCC_C_LANGUAGE_STANDARD = gnu17;
				GCC_DYNAMIC_NO_PIC = NO;
				GCC_NO_COMMON_BLOCKS = YES;
				GCC_OPTIMIZATION_LEVEL = 0;
				GCC_PREPROCESSOR_DEFINITIONS = (
					"DEBUG=1",
					"$(inherited)",
				);
				GCC_WARN_64_TO_32_BIT_CONVERSION = YES;
				GCC_WARN_ABOUT_RETURN_TYPE = YES_ERROR;
				GCC_WARN_UNDECLARED_SELECTOR = YES;
				GCC_WARN_UNINITIALIZED_AUTOS = YES_AGGRESSIVE;
				GCC_WARN_UNUSED_FUNCTION = YES;
				GCC_WARN_UNUSED_VARIABLE = YES;
				LOCALIZATION_PREFERS_STRING_CATALOGS = YES;
				MACOSX_DEPLOYMENT_TARGET = 15.2;
				MTL_ENABLE_DEBUG_INFO = INCLUDE_SOURCE;
				MTL_FAST_MATH = YES;
				ONLY_ACTIVE_ARCH = YES;
				SDKROOT = macosx;
				SWIFT_ACTIVE_COMPILATION_CONDITIONS = "DEBUG $(inherited)";
				SWIFT_OPTIMIZATION_LEVEL = "-Onone";
			};
			name = Debug;
		};
		1E51622C2F04AFA4005A249A /* Release */ = {
			isa = XCBuildConfiguration;
			buildSettings = {
				ALWAYS_SEARCH_USER_PATHS = NO;
				ASSETCATALOG_COMPILER_GENERATE_SWIFT_ASSET_SYMBOL_EXTENSIONS = YES;
				CLANG_ANALYZER_NONNULL = YES;
				CLANG_ANALYZER_NUMBER_OBJECT_CONVERSION = YES_AGGRESSIVE;
				CLANG_CXX_LANGUAGE_STANDARD = "gnu++20";
				CLANG_ENABLE_MODULES = YES;
				CLANG_ENABLE_OBJC_ARC = YES;
				CLANG_ENABLE_OBJC_WEAK = YES;
				CLANG_WARN_BLOCK_CAPTURE_AUTORELEASING = YES;
				CLANG_WARN_BOOL_CONVERSION = YES;
				CLANG_WARN_COMMA = YES;
				CLANG_WARN_CONSTANT_CONVERSION = YES;
				CLANG_WARN_DEPRECATED_OBJC_IMPLEMENTATIONS = YES;
				CLANG_WARN_DIRECT_OBJC_ISA_USAGE = YES_ERROR;
				CLANG_WARN_DOCUMENTATION_COMMENTS = YES;
				CLANG_WARN_EMPTY_BODY = YES;
				CLANG_WARN_ENUM_CONVERSION = YES;
				CLANG_WARN_INFINITE_RECURSION = YES;
				CLANG_WARN_INT_CONVERSION = YES;
				CLANG_WARN_NON_LITERAL_NULL_CONVERSION = YES;
				CLANG_WARN_OBJC_IMPLICIT_RETAIN_SELF = YES;
				CLANG_WARN_OBJC_LITERAL_CONVERSION = YES;
				CLANG_WARN_OBJC_ROOT_CLASS = YES_ERROR;
				CLANG_WARN_QUOTED_INCLUDE_IN_FRAMEWORK_HEADER = YES;
				CLANG_WARN_RANGE_LOOP_ANALYSIS = YES;
				CLANG_WARN_STRICT_PROTOTYPES = YES;
				CLANG_WARN_SUSPICIOUS_MOVE = YES;
				CLANG_WARN_UNGUARDED_AVAILABILITY = YES_AGGRESSIVE;
				CLANG_WARN_UNREACHABLE_CODE = YES;
				CLANG_WARN__DUPLICATE_METHOD_MATCH = YES;
				COPY_PHASE_STRIP = NO;
				DEBUG_INFORMATION_FORMAT = "dwarf-with-dsym";
				ENABLE_NS_ASSERTIONS = NO;
				ENABLE_STRICT_OBJC_MSGSEND = YES;
				ENABLE_USER_SCRIPT_SANDBOXING = YES;
				GCC_C_LANGUAGE_STANDARD = gnu17;
				GCC_NO_COMMON_BLOCKS = YES;
				GCC_WARN_64_TO_32_BIT_CONVERSION = YES;
				GCC_WARN_ABOUT_RETURN_TYPE = YES_ERROR;
				GCC_WARN_UNDECLARED_SELECTOR = YES;
				GCC_WARN_UNINITIALIZED_AUTOS = YES_AGGRESSIVE;
				GCC_WARN_UNUSED_FUNCTION = YES;
				GCC_WARN_UNUSED_VARIABLE = YES;
				LOCALIZATION_PREFERS_STRING_CATALOGS = YES;
				MACOSX_DEPLOYMENT_TARGET = 15.2;
				MTL_ENABLE_DEBUG_INFO = NO;
				MTL_FAST_MATH = YES;
				SDKROOT = macosx;
				SWIFT_COMPILATION_MODE = wholemodule;
			};
			name = Release;
		};
		1E51622E2F04AFA4005A249A /* Debug */ = {
			isa = XCBuildConfiguration;
			buildSettings = {
				ASSETCATALOG_COMPILER_APPICON_NAME = AppIcon;
				ASSETCATALOG_COMPILER_GLOBAL_ACCENT_COLOR_NAME = AccentColor;
				CODE_SIGN_ENTITLEMENTS = UnoHealthKit/UnoHealthKit.entitlements;
				CODE_SIGN_STYLE = Automatic;
				COMBINE_HIDPI_IMAGES = YES;
				CURRENT_PROJECT_VERSION = 1;
				DEVELOPMENT_ASSET_PATHS = "\"UnoHealthKit/Preview Content\"";
				DEVELOPMENT_TEAM = DDPDA32G88;
				ENABLE_HARDENED_RUNTIME = YES;
				ENABLE_PREVIEWS = YES;
				GENERATE_INFOPLIST_FILE = YES;
				INFOPLIST_FILE = UnoHealthKit/Info.plist;
				INFOPLIST_KEY_NSHealthShareUsageDescription = "This app displays your workouts and recovery data from HealthKit.";
				INFOPLIST_KEY_NSHealthUpdateUsageDescription = "This app does not write health data.";
				INFOPLIST_KEY_NSHumanReadableCopyright = "";
				INFOPLIST_KEY_UISupportedInterfaceOrientations = UIInterfaceOrientationPortrait;
				LD_RUNPATH_SEARCH_PATHS = (
					"$(inherited)",
					"@executable_path/../Frameworks",
				);
				MARKETING_VERSION = 1.0;
				PRODUCT_BUNDLE_IDENTIFIER = com.uno.healthkit.UnoHealthKit;
				PRODUCT_NAME = "$(TARGET_NAME)";
				SUPPORTED_PLATFORMS = "iphoneos iphonesimulator";
				SUPPORTS_MACCATALYST = NO;
				SWIFT_EMIT_LOC_STRINGS = YES;
				SWIFT_VERSION = 5.0;
				TARGETED_DEVICE_FAMILY = 1;
			};
			name = Debug;
		};
		1E51622F2F04AFA4005A249A /* Release */ = {
			isa = XCBuildConfiguration;
			buildSettings = {
				ASSETCATALOG_COMPILER_APPICON_NAME = AppIcon;
				ASSETCATALOG_COMPILER_GLOBAL_ACCENT_COLOR_NAME = AccentColor;
				CODE_SIGN_ENTITLEMENTS = UnoHealthKit/UnoHealthKit.entitlements;
				CODE_SIGN_STYLE = Automatic;
				COMBINE_HIDPI_IMAGES = YES;
				CURRENT_PROJECT_VERSION = 1;
				DEVELOPMENT_ASSET_PATHS = "\"UnoHealthKit/Preview Content\"";
				DEVELOPMENT_TEAM = DDPDA32G88;
				ENABLE_HARDENED_RUNTIME = YES;
				ENABLE_PREVIEWS = YES;
				GENERATE_INFOPLIST_FILE = YES;
				INFOPLIST_FILE = UnoHealthKit/Info.plist;
				INFOPLIST_KEY_NSHealthShareUsageDescription = "This app displays your workouts and recovery data from HealthKit.";
				INFOPLIST_KEY_NSHealthUpdateUsageDescription = "This app does not write health data.";
				INFOPLIST_KEY_NSHumanReadableCopyright = "";
				INFOPLIST_KEY_UISupportedInterfaceOrientations = UIInterfaceOrientationPortrait;
				LD_RUNPATH_SEARCH_PATHS = (
					"$(inherited)",
					"@executable_path/../Frameworks",
				);
				MARKETING_VERSION = 1.0;
				PRODUCT_BUNDLE_IDENTIFIER = com.uno.healthkit.UnoHealthKit;
				PRODUCT_NAME = "$(TARGET_NAME)";
				SUPPORTED_PLATFORMS = "iphoneos iphonesimulator";
				SUPPORTS_MACCATALYST = NO;
				SWIFT_EMIT_LOC_STRINGS = YES;
				SWIFT_VERSION = 5.0;
				TARGETED_DEVICE_FAMILY = 1;
			};
			name = Release;
		};
		1E5162312F04AFA4005A249A /* Debug */ = {
			isa = XCBuildConfiguration;
			buildSettings = {
				BUNDLE_LOADER = "$(TEST_HOST)";
				CODE_SIGN_STYLE = Automatic;
				CURRENT_PROJECT_VERSION = 1;
				DEVELOPMENT_TEAM = DDPDA32G88;
				GENERATE_INFOPLIST_FILE = YES;
				MACOSX_DEPLOYMENT_TARGET = 15.2;
				MARKETING_VERSION = 1.0;
				PRODUCT_BUNDLE_IDENTIFIER = com.uno.healthkit.UnoHealthKitTests;
				PRODUCT_NAME = "$(TARGET_NAME)";
				SWIFT_EMIT_LOC_STRINGS = NO;
				SWIFT_VERSION = 5.0;
				TEST_HOST = "$(BUILT_PRODUCTS_DIR)/UnoHealthKit.app/$(BUNDLE_EXECUTABLE_FOLDER_PATH)/UnoHealthKit";
			};
			name = Debug;
		};
		1E5162322F04AFA4005A249A /* Release */ = {
			isa = XCBuildConfiguration;
			buildSettings = {
				BUNDLE_LOADER = "$(TEST_HOST)";
				CODE_SIGN_STYLE = Automatic;
				CURRENT_PROJECT_VERSION = 1;
				DEVELOPMENT_TEAM = DDPDA32G88;
				GENERATE_INFOPLIST_FILE = YES;
				MACOSX_DEPLOYMENT_TARGET = 15.2;
				MARKETING_VERSION = 1.0;
				PRODUCT_BUNDLE_IDENTIFIER = com.uno.healthkit.UnoHealthKitTests;
				PRODUCT_NAME = "$(TARGET_NAME)";
				SWIFT_EMIT_LOC_STRINGS = NO;
				SWIFT_VERSION = 5.0;
				TEST_HOST = "$(BUILT_PRODUCTS_DIR)/UnoHealthKit.app/$(BUNDLE_EXECUTABLE_FOLDER_PATH)/UnoHealthKit";
			};
			name = Release;
		};
		1E5162342F04AFA4005A249A /* Debug */ = {
			isa = XCBuildConfiguration;
			buildSettings = {
				CODE_SIGN_STYLE = Automatic;
				CURRENT_PROJECT_VERSION = 1;
				DEVELOPMENT_TEAM = DDPDA32G88;
				GENERATE_INFOPLIST_FILE = YES;
				MARKETING_VERSION = 1.0;
				PRODUCT_BUNDLE_IDENTIFIER = com.uno.healthkit.UnoHealthKitUITests;
				PRODUCT_NAME = "$(TARGET_NAME)";
				SWIFT_EMIT_LOC_STRINGS = NO;
				SWIFT_VERSION = 5.0;
				TEST_TARGET_NAME = UnoHealthKit;
			};
			name = Debug;
		};
		1E5162352F04AFA4005A249A /* Release */ = {
			isa = XCBuildConfiguration;
			buildSettings = {
				CODE_SIGN_STYLE = Automatic;
				CURRENT_PROJECT_VERSION = 1;
				DEVELOPMENT_TEAM = DDPDA32G88;
				GENERATE_INFOPLIST_FILE = YES;
				MARKETING_VERSION = 1.0;
				PRODUCT_BUNDLE_IDENTIFIER = com.uno.healthkit.UnoHealthKitUITests;
				PRODUCT_NAME = "$(TARGET_NAME)";
				SWIFT_EMIT_LOC_STRINGS = NO;
				SWIFT_VERSION = 5.0;
				TEST_TARGET_NAME = UnoHealthKit;
			};
			name = Release;
		};
/* End XCBuildConfiguration section */

/* Begin XCConfigurationList section */
		1E5162032F04AFA3005A249A /* Build configuration list for PBXProject "UnoHealthKit" */ = {
			isa = XCConfigurationList;
			buildConfigurations = (
				1E51622B2F04AFA4005A249A /* Debug */,
				1E51622C2F04AFA4005A249A /* Release */,
			);
			defaultConfigurationIsVisible = 0;
			defaultConfigurationName = Release;
		};
		1E51622D2F04AFA4005A249A /* Build configuration list for PBXNativeTarget "UnoHealthKit" */ = {
			isa = XCConfigurationList;
			buildConfigurations = (
				1E51622E2F04AFA4005A249A /* Debug */,
				1E51622F2F04AFA4005A249A /* Release */,
			);
			defaultConfigurationIsVisible = 0;
			defaultConfigurationName = Release;
		};
		1E5162302F04AFA4005A249A /* Build configuration list for PBXNativeTarget "UnoHealthKitTests" */ = {
			isa = XCConfigurationList;
			buildConfigurations = (
				1E5162312F04AFA4005A249A /* Debug */,
				1E5162322F04AFA4005A249A /* Release */,
			);
			defaultConfigurationIsVisible = 0;
			defaultConfigurationName = Release;
		};
		1E5162332F04AFA4005A249A /* Build configuration list for PBXNativeTarget "UnoHealthKitUITests" */ = {
			isa = XCConfigurationList;
			buildConfigurations = (
				1E5162342F04AFA4005A249A /* Debug */,
				1E5162352F04AFA4005A249A /* Release */,
			);
			defaultConfigurationIsVisible = 0;
			defaultConfigurationName = Release;
		};
/* End XCConfigurationList section */

/* Begin XCLocalSwiftPackageReference section */
		1E5162632F04B03F005A249A /* XCLocalSwiftPackageReference "../../../swift-uno-architecture" */ = {
			isa = XCLocalSwiftPackageReference;
			relativePath = "../../../swift-uno-architecture";
		};
/* End XCLocalSwiftPackageReference section */

/* Begin XCSwiftPackageProductDependency section */
		1E5162642F04B03F005A249A /* UnoArchitecture */ = {
			isa = XCSwiftPackageProductDependency;
			productName = UnoArchitecture;
		};
/* End XCSwiftPackageProductDependency section */
	};
	rootObject = 1E5162002F04AFA3005A249A /* Project object */;
}
